// !$*UTF8*$!
{
    archiveVersion = 1;
    classes = {
    };
    objectVersion = 56;
    objects = {

/* Begin PBXBuildFile section */
        A10000000000000000000001 /* AppDelegate.swift in Sources */ = {isa = PBXBuildFile; fileRef = A20000000000000000000001 /* AppDelegate.swift */; };
        A10000000000000000000002 /* ViewController.swift in Sources */ = {isa = PBXBuildFile; fileRef = A20000000000000000000002 /* ViewController.swift */; };
        A10000000000000000000003 /* Web in Resources */ = {isa = PBXBuildFile; fileRef = A20000000000000000000004 /* Web */; };
/* End PBXBuildFile section */

/* Begin PBXFileReference section */
        A20000000000000000000001 /* AppDelegate.swift */ = {isa = PBXFileReference; lastKnownFileType = sourcecode.swift; path = AppDelegate.swift; sourceTree = "<group>"; };
        A20000000000000000000002 /* ViewController.swift */ = {isa = PBXFileReference; lastKnownFileType = sourcecode.swift; path = ViewController.swift; sourceTree = "<group>"; };
        A20000000000000000000003 /* Info.plist */ = {isa = PBXFileReference; lastKnownFileType = text.plist.xml; path = Info.plist; sourceTree = "<group>"; };
        A20000000000000000000004 /* Web */ = {isa = PBXFileReference; lastKnownFileType = folder; path = Web; sourceTree = "<group>"; };
        A20000000000000000000005 /* Shhebet.app */ = {isa = PBXFileReference; explicitFileType = wrapper.application; includeInIndex = 0; path = Shhebet.app; sourceTree = BUILT_PRODUCTS_DIR; };
/* End PBXFileReference section */

/* Begin PBXFrameworksBuildPhase section */
        A30000000000000000000001 /* Frameworks */ = {
            isa = PBXFrameworksBuildPhase;
            buildActionMask = 2147483647;
            files = (
            );
            runOnlyForDeploymentPostprocessing = 0;
        };
/* End PBXFrameworksBuildPhase section */

/* Begin PBXGroup section */
        A40000000000000000000001 = {
            isa = PBXGroup;
            children = (
                A40000000000000000000002 /* Shhebet */,
                A40000000000000000000003 /* Products */,
            );
            sourceTree = "<group>";
        };
        A40000000000000000000002 /* Shhebet */ = {
            isa = PBXGroup;
            children = (
                A20000000000000000000001 /* AppDelegate.swift */,
                A20000000000000000000002 /* ViewController.swift */,
                A20000000000000000000003 /* Info.plist */,
                A20000000000000000000004 /* Web */,
            );
            path = Shhebet;
            sourceTree = "<group>";
        };
        A40000000000000000000003 /* Products */ = {
            isa = PBXGroup;
            children = (
                A20000000000000000000005 /* Shhebet.app */,
            );
            name = Products;
            sourceTree = "<group>";
        };
/* End PBXGroup section */

/* Begin PBXNativeTarget section */
        A50000000000000000000001 /* Shhebet */ = {
            isa = PBXNativeTarget;
            buildConfigurationList = A90000000000000000000002 /* Build configuration list for PBXNativeTarget "Shhebet" */;
            buildPhases = (
                A70000000000000000000001 /* Sources */,
                A30000000000000000000001 /* Frameworks */,
                A80000000000000000000001 /* Resources */,
            );
            buildRules = (
            );
            dependencies = (
            );
            name = Shhebet;
            productName = Shhebet;
            productReference = A20000000000000000000005 /* Shhebet.app */;
            productType = "com.apple.product-type.application";
        };
/* End PBXNativeTarget section */

/* Begin PBXProject section */
        A60000000000000000000001 /* Project object */ = {
            isa = PBXProject;
            attributes = {
                BuildIndependentTargetsInParallel = 1;
                LastSwiftUpdateCheck = 1500;
                LastUpgradeCheck = 1500;
                TargetAttributes = {
                    A50000000000000000000001 = {
                        CreatedOnToolsVersion = 15.0;
                    };
                };
            };
            buildConfigurationList = A90000000000000000000001 /* Build configuration list for PBXProject "Shhebet" */;
            compatibilityVersion = "Xcode 14.0";
            developmentRegion = en;
            hasScannedForEncodings = 0;
            knownRegions = (
                en,
                Base,
            );
            mainGroup = A40000000000000000000001;
            productRefGroup = A40000000000000000000003 /* Products */;
            projectDirPath = "";
            projectRoot = "";
            targets = (
                A50000000000000000000001 /* Shhebet */,
            );
        };
/* End PBXProject section */

/* Begin PBXResourcesBuildPhase section */
        A80000000000000000000001 /* Resources */ = {
            isa = PBXResourcesBuildPhase;
            buildActionMask = 2147483647;
            files = (
                A10000000000000000000003 /* Web in Resources */,
            );
            runOnlyForDeploymentPostprocessing = 0;
        };
/* End PBXResourcesBuildPhase section */

/* Begin PBXSourcesBuildPhase section */
        A70000000000000000000001 /* Sources */ = {
            isa = PBXSourcesBuildPhase;
            buildActionMask = 2147483647;
            files = (
                A10000000000000000000001 /* AppDelegate.swift in Sources */,
                A10000000000000000000002 /* ViewController.swift in Sources */,
            );
            runOnlyForDeploymentPostprocessing = 0;
        };
/* End PBXSourcesBuildPhase section */

/* Begin XCBuildConfiguration section */
        B10000000000000000000001 /* Debug */ = {
            isa = XCBuildConfiguration;
            buildSettings = {
                ALWAYS_SEARCH_USER_PATHS = NO;
                CLANG_ENABLE_MODULES = YES;
                CODE_SIGN_STYLE = Automatic;
                CURRENT_PROJECT_VERSION = 1;
                DEVELOPMENT_TEAM = "";
                GENERATE_INFOPLIST_FILE = NO;
                INFOPLIST_FILE = Shhebet/Info.plist;
                IPHONEOS_DEPLOYMENT_TARGET = 15.0;
                MARKETING_VERSION = 0.0.0.1;
                PRODUCT_BUNDLE_IDENTIFIER = online.shhebet.ios;
                PRODUCT_NAME = "$(TARGET_NAME)";
                SDKROOT = iphoneos;
                SWIFT_VERSION = 5.0;
                TARGETED_DEVICE_FAMILY = "1,2";
            };
            name = Debug;
        };
        B10000000000000000000002 /* Release */ = {
            isa = XCBuildConfiguration;
            buildSettings = {
                ALWAYS_SEARCH_USER_PATHS = NO;
                CLANG_ENABLE_MODULES = YES;
                CODE_SIGN_STYLE = Automatic;
                CURRENT_PROJECT_VERSION = 1;
                DEVELOPMENT_TEAM = "";
                GENERATE_INFOPLIST_FILE = NO;
                INFOPLIST_FILE = Shhebet/Info.plist;
                IPHONEOS_DEPLOYMENT_TARGET = 15.0;
                MARKETING_VERSION = 0.0.0.1;
                PRODUCT_BUNDLE_IDENTIFIER = online.shhebet.ios;
                PRODUCT_NAME = "$(TARGET_NAME)";
                SDKROOT = iphoneos;
                SWIFT_COMPILATION_MODE = wholemodule;
                SWIFT_OPTIMIZATION_LEVEL = "-O";
                SWIFT_VERSION = 5.0;
                TARGETED_DEVICE_FAMILY = "1,2";
                VALIDATE_PRODUCT = YES;
            };
            name = Release;
        };
        B10000000000000000000003 /* Debug */ = {
            isa = XCBuildConfiguration;
            buildSettings = {
                ALWAYS_SEARCH_USER_PATHS = NO;
                CLANG_ENABLE_MODULES = YES;
                ENABLE_TESTABILITY = YES;
                GCC_OPTIMIZATION_LEVEL = 0;
                IPHONEOS_DEPLOYMENT_TARGET = 15.0;
                SDKROOT = iphoneos;
                SWIFT_VERSION = 5.0;
            };
            name = Debug;
        };
        B10000000000000000000004 /* Release */ = {
            isa = XCBuildConfiguration;
            buildSettings = {
                ALWAYS_SEARCH_USER_PATHS = NO;
                CLANG_ENABLE_MODULES = YES;
                IPHONEOS_DEPLOYMENT_TARGET = 15.0;
                SDKROOT = iphoneos;
                SWIFT_COMPILATION_MODE = wholemodule;
                SWIFT_OPTIMIZATION_LEVEL = "-O";
                SWIFT_VERSION = 5.0;
                VALIDATE_PRODUCT = YES;
            };
            name = Release;
        };
/* End XCBuildConfiguration section */

/* Begin XCConfigurationList section */
        A90000000000000000000001 /* Build configuration list for PBXProject "Shhebet" */ = {
            isa = XCConfigurationList;
            buildConfigurations = (
                B10000000000000000000003 /* Debug */,
                B10000000000000000000004 /* Release */,
            );
            defaultConfigurationIsVisible = 0;
            defaultConfigurationName = Release;
        };
        A90000000000000000000002 /* Build configuration list for PBXNativeTarget "Shhebet" */ = {
            isa = XCConfigurationList;
            buildConfigurations = (
                B10000000000000000000001 /* Debug */,
                B10000000000000000000002 /* Release */,
            );
            defaultConfigurationIsVisible = 0;
            defaultConfigurationName = Release;
        };
/* End XCConfigurationList section */
    };
    rootObject = A60000000000000000000001 /* Project object */;
}

